
Microsoft Visual Studio Solution File, Format Version 12.00
# Visual Studio Version 16
VisualStudioVersion = 16.0.32106.194
MinimumVisualStudioVersion = 10.0.40219.1
Project("{F184B08F-C81C-45F6-A57F-5ABD9991F28F}") = "Rippee_311_A6", "Rippee_311_A6\Rippee_311_A6.vbproj", "{F4B1C9E0-8E0C-42FB-8B28-92AAA4A9A502}"
EndProject
Global
	GlobalSection(SolutionConfigurationPlatforms) = preSolution
		Debug|Any CPU = Debug|Any CPU
		Release|Any CPU = Release|Any CPU
	EndGlobalSection
	GlobalSection(ProjectConfigurationPlatforms) = postSolution
		{F4B1C9E0-8E0C-42FB-8B28-92AAA4A9A502}.Debug|Any CPU.ActiveCfg = Debug|Any CPU
		{F4B1C9E0-8E0C-42FB-8B28-92AAA4A9A502}.Debug|Any CPU.Build.0 = Debug|Any CPU
		{F4B1C9E0-8E0C-42FB-8B28-92AAA4A9A502}.Release|Any CPU.ActiveCfg = Release|Any CPU
		{F4B1C9E0-8E0C-42FB-8B28-92AAA4A9A502}.Release|Any CPU.Build.0 = Release|Any CPU
	EndGlobalSection
	GlobalSection(SolutionProperties) = preSolution
		HideSolutionNode = FALSE
	EndGlobalSection
	GlobalSection(ExtensibilityGlobals) = postSolution
		SolutionGuid = {768E7C1D-E1FB-4A03-B5C9-9432916D0CBB}
	EndGlobalSection
EndGlobal
